
Microsoft Visual Studio Solution File, Format Version 12.00
# Visual Studio Version 17
VisualStudioVersion = 17.7.34302.85
MinimumVisualStudioVersion = 10.0.40219.1
Project("{FAE04EC0-301F-11D3-BF4B-00C04F79EFBC}") = "MindboxTestTask", "MindboxTestTask\MindboxTestTask.csproj", "{3E5BE78E-FE26-41E3-A6CD-D3C636FA1B6D}"
EndProject
Project("{FAE04EC0-301F-11D3-BF4B-00C04F79EFBC}") = "MindboxTestTask.NTests", "MindboxTestTask.NTests\MindboxTestTask.NTests.csproj", "{32C3715E-AED5-4B19-8500-4B8C3F7A7DA6}"
EndProject
Project("{FAE04EC0-301F-11D3-BF4B-00C04F79EFBC}") = "MindboxTestTask.Library", "MindboxTestTask.Library\MindboxTestTask.Library.csproj", "{6DAA842C-4BBA-4EF8-920F-7343A3E5A040}"
EndProject
Global
	GlobalSection(SolutionConfigurationPlatforms) = preSolution
		Debug|Any CPU = Debug|Any CPU
		Release|Any CPU = Release|Any CPU
	EndGlobalSection
	GlobalSection(ProjectConfigurationPlatforms) = postSolution
		{3E5BE78E-FE26-41E3-A6CD-D3C636FA1B6D}.Debug|Any CPU.ActiveCfg = Debug|Any CPU
		{3E5BE78E-FE26-41E3-A6CD-D3C636FA1B6D}.Debug|Any CPU.Build.0 = Debug|Any CPU
		{3E5BE78E-FE26-41E3-A6CD-D3C636FA1B6D}.Release|Any CPU.ActiveCfg = Release|Any CPU
		{3E5BE78E-FE26-41E3-A6CD-D3C636FA1B6D}.Release|Any CPU.Build.0 = Release|Any CPU
		{32C3715E-AED5-4B19-8500-4B8C3F7A7DA6}.Debug|Any CPU.ActiveCfg = Debug|Any CPU
		{32C3715E-AED5-4B19-8500-4B8C3F7A7DA6}.Debug|Any CPU.Build.0 = Debug|Any CPU
		{32C3715E-AED5-4B19-8500-4B8C3F7A7DA6}.Release|Any CPU.ActiveCfg = Release|Any CPU
		{32C3715E-AED5-4B19-8500-4B8C3F7A7DA6}.Release|Any CPU.Build.0 = Release|Any CPU
		{6DAA842C-4BBA-4EF8-920F-7343A3E5A040}.Debug|Any CPU.ActiveCfg = Debug|Any CPU
		{6DAA842C-4BBA-4EF8-920F-7343A3E5A040}.Debug|Any CPU.Build.0 = Debug|Any CPU
		{6DAA842C-4BBA-4EF8-920F-7343A3E5A040}.Release|Any CPU.ActiveCfg = Release|Any CPU
		{6DAA842C-4BBA-4EF8-920F-7343A3E5A040}.Release|Any CPU.Build.0 = Release|Any CPU
	EndGlobalSection
	GlobalSection(SolutionProperties) = preSolution
		HideSolutionNode = FALSE
	EndGlobalSection
	GlobalSection(ExtensibilityGlobals) = postSolution
		SolutionGuid = {0A88EDF1-BA48-4D37-A4A9-1BE1F9EF6C9C}
	EndGlobalSection
EndGlobal
